# This file is automatically @generated by Cargo.
# It is not intended for manual editing.
version = 4

[[package]]
name = "deehr-anchor-registry"
version = "0.0.0"

[[package]]
name = "deehr-consent-registry"
version = "0.0.0"

[[package]]
name = "deehr-credential-registry"
version = "0.0.0"

[[package]]
name = "deehr-identity-registry"
version = "0.0.0"
